
Microsoft Visual Studio Solution File, Format Version 12.00
# Visual Studio 14
VisualStudioVersion = 14.0.24720.0
MinimumVisualStudioVersion = 10.0.40219.1
Project("{FAE04EC0-301F-11D3-BF4B-00C04F79EFBC}") = "SoundBarrierHunting.WebUI", "SoundBarrierHunting\SoundBarrierHunting.WebUI.csproj", "{225FE49C-5301-44AD-8206-76EB74CFA142}"
	ProjectSection(ProjectDependencies) = postProject
		{302E96CC-EA9E-4856-8A7D-8075E651098D} = {302E96CC-EA9E-4856-8A7D-8075E651098D}
	EndProjectSection
EndProject
Project("{FAE04EC0-301F-11D3-BF4B-00C04F79EFBC}") = "SoundBarrierHunting.Domain", "SoundBarrierHunting.Domain\SoundBarrierHunting.Domain.csproj", "{302E96CC-EA9E-4856-8A7D-8075E651098D}"
EndProject
Global
	GlobalSection(SolutionConfigurationPlatforms) = preSolution
		Debug|Any CPU = Debug|Any CPU
		Release|Any CPU = Release|Any CPU
	EndGlobalSection
	GlobalSection(ProjectConfigurationPlatforms) = postSolution
		{225FE49C-5301-44AD-8206-76EB74CFA142}.Debug|Any CPU.ActiveCfg = Debug|Any CPU
		{225FE49C-5301-44AD-8206-76EB74CFA142}.Debug|Any CPU.Build.0 = Debug|Any CPU
		{225FE49C-5301-44AD-8206-76EB74CFA142}.Release|Any CPU.ActiveCfg = Release|Any CPU
		{225FE49C-5301-44AD-8206-76EB74CFA142}.Release|Any CPU.Build.0 = Release|Any CPU
		{302E96CC-EA9E-4856-8A7D-8075E651098D}.Debug|Any CPU.ActiveCfg = Debug|Any CPU
		{302E96CC-EA9E-4856-8A7D-8075E651098D}.Debug|Any CPU.Build.0 = Debug|Any CPU
		{302E96CC-EA9E-4856-8A7D-8075E651098D}.Release|Any CPU.ActiveCfg = Release|Any CPU
		{302E96CC-EA9E-4856-8A7D-8075E651098D}.Release|Any CPU.Build.0 = Release|Any CPU
	EndGlobalSection
	GlobalSection(SolutionProperties) = preSolution
		HideSolutionNode = FALSE
	EndGlobalSection
EndGlobal
